
Microsoft Visual Studio Solution File, Format Version 12.00
# Visual Studio 15
VisualStudioVersion = 15.0.28307.168
MinimumVisualStudioVersion = 10.0.40219.1
Project("{FAE04EC0-301F-11D3-BF4B-00C04F79EFBC}") = "TaxCalculator", "TaxCalculator\TaxCalculator.csproj", "{67BF2DD9-D855-44AE-9BCB-0EE2FF95FE33}"
EndProject
Project("{FAE04EC0-301F-11D3-BF4B-00C04F79EFBC}") = "TaxCalculatorTests", "TaxCalculatorTests\TaxCalculatorTests.csproj", "{D2F6F6B6-C9C9-4A73-8A18-31813ACFD54D}"
EndProject
Global
	GlobalSection(SolutionConfigurationPlatforms) = preSolution
		Debug|Any CPU = Debug|Any CPU
		Release|Any CPU = Release|Any CPU
	EndGlobalSection
	GlobalSection(ProjectConfigurationPlatforms) = postSolution
		{67BF2DD9-D855-44AE-9BCB-0EE2FF95FE33}.Debug|Any CPU.ActiveCfg = Debug|Any CPU
		{67BF2DD9-D855-44AE-9BCB-0EE2FF95FE33}.Debug|Any CPU.Build.0 = Debug|Any CPU
		{67BF2DD9-D855-44AE-9BCB-0EE2FF95FE33}.Release|Any CPU.ActiveCfg = Release|Any CPU
		{67BF2DD9-D855-44AE-9BCB-0EE2FF95FE33}.Release|Any CPU.Build.0 = Release|Any CPU
		{D2F6F6B6-C9C9-4A73-8A18-31813ACFD54D}.Debug|Any CPU.ActiveCfg = Debug|Any CPU
		{D2F6F6B6-C9C9-4A73-8A18-31813ACFD54D}.Debug|Any CPU.Build.0 = Debug|Any CPU
		{D2F6F6B6-C9C9-4A73-8A18-31813ACFD54D}.Release|Any CPU.ActiveCfg = Release|Any CPU
		{D2F6F6B6-C9C9-4A73-8A18-31813ACFD54D}.Release|Any CPU.Build.0 = Release|Any CPU
	EndGlobalSection
	GlobalSection(SolutionProperties) = preSolution
		HideSolutionNode = FALSE
	EndGlobalSection
	GlobalSection(ExtensibilityGlobals) = postSolution
		SolutionGuid = {52E88421-FFCC-47FC-96D8-BEE397B835F8}
	EndGlobalSection
EndGlobal
